Microsoft Visual Studio Solution File, Format Version 12.00
# Visual Studio Version 17
VisualStudioVersion = 17.5.2.0
MinimumVisualStudioVersion = 10.0.40219.1
Project("{FAE04EC0-301F-11D3-BF4B-00C04F79EFBC}") = "TechJobportal", "TechJobportal.csproj", "{CD7CFE30-DF3A-9265-50F0-E1C50BFBDDFF}"
EndProject
Global
	GlobalSection(SolutionConfigurationPlatforms) = preSolution
		Debug|Any CPU = Debug|Any CPU
		Release|Any CPU = Release|Any CPU
	EndGlobalSection
	GlobalSection(ProjectConfigurationPlatforms) = postSolution
		{CD7CFE30-DF3A-9265-50F0-E1C50BFBDDFF}.Debug|Any CPU.ActiveCfg = Debug|Any CPU
		{CD7CFE30-DF3A-9265-50F0-E1C50BFBDDFF}.Debug|Any CPU.Build.0 = Debug|Any CPU
		{CD7CFE30-DF3A-9265-50F0-E1C50BFBDDFF}.Release|Any CPU.ActiveCfg = Release|Any CPU
		{CD7CFE30-DF3A-9265-50F0-E1C50BFBDDFF}.Release|Any CPU.Build.0 = Release|Any CPU
	EndGlobalSection
	GlobalSection(SolutionProperties) = preSolution
		HideSolutionNode = FALSE
	EndGlobalSection
	GlobalSection(ExtensibilityGlobals) = postSolution
		SolutionGuid = {E9D45286-64AD-43DC-9BD6-E0DBCF33EBDC}
	EndGlobalSection
EndGlobal
